
Microsoft Visual Studio Solution File, Format Version 12.00
# Visual Studio Version 17
VisualStudioVersion = 17.11.35208.52
MinimumVisualStudioVersion = 10.0.40219.1
Project("{FAE04EC0-301F-11D3-BF4B-00C04F79EFBC}") = "Yanez_Pablo_Examan2", "Yanez_Pablo_Examan2\Yanez_Pablo_Examan2.csproj", "{8284348E-BE1E-4AD3-97A2-CBEE3297C6F9}"
EndProject
Global
	GlobalSection(SolutionConfigurationPlatforms) = preSolution
		Debug|Any CPU = Debug|Any CPU
		Release|Any CPU = Release|Any CPU
	EndGlobalSection
	GlobalSection(ProjectConfigurationPlatforms) = postSolution
		{8284348E-BE1E-4AD3-97A2-CBEE3297C6F9}.Debug|Any CPU.ActiveCfg = Debug|Any CPU
		{8284348E-BE1E-4AD3-97A2-CBEE3297C6F9}.Debug|Any CPU.Build.0 = Debug|Any CPU
		{8284348E-BE1E-4AD3-97A2-CBEE3297C6F9}.Debug|Any CPU.Deploy.0 = Debug|Any CPU
		{8284348E-BE1E-4AD3-97A2-CBEE3297C6F9}.Release|Any CPU.ActiveCfg = Release|Any CPU
		{8284348E-BE1E-4AD3-97A2-CBEE3297C6F9}.Release|Any CPU.Build.0 = Release|Any CPU
		{8284348E-BE1E-4AD3-97A2-CBEE3297C6F9}.Release|Any CPU.Deploy.0 = Release|Any CPU
	EndGlobalSection
	GlobalSection(SolutionProperties) = preSolution
		HideSolutionNode = FALSE
	EndGlobalSection
	GlobalSection(ExtensibilityGlobals) = postSolution
		SolutionGuid = {425900B7-57BB-4FB4-B344-3CC3596D8AEA}
	EndGlobalSection
EndGlobal
